// !$*UTF8*$!
{
	archiveVersion = 1;
	classes = {
	};
	objectVersion = 46;
	objects = {

/* Begin PBXBuildFile section */
		B18A34C81F2AF7C700930FD4 /* main.m in Sources */ = {isa = PBXBuildFile; fileRef = B18A34C71F2AF7C700930FD4 /* main.m */; };
		B18A34CB1F2AF7C700930FD4 /* AppDelegate.m in Sources */ = {isa = PBXBuildFile; fileRef = B18A34CA1F2AF7C700930FD4 /* AppDelegate.m */; };
		B18A34CE1F2AF7C700930FD4 /* ViewController.m in Sources */ = {isa = PBXBuildFile; fileRef = B18A34CD1F2AF7C700930FD4 /* ViewController.m */; };
		B18A34D11F2AF7C700930FD4 /* Main.storyboard in Resources */ = {isa = PBXBuildFile; fileRef = B18A34CF1F2AF7C700930FD4 /* Main.storyboard */; };
		B18A34D31F2AF7C700930FD4 /* Assets.xcassets in Resources */ = {isa = PBXBuildFile; fileRef = B18A34D21F2AF7C700930FD4 /* Assets.xcassets */; };
		B18A34D61F2AF7C700930FD4 /* LaunchScreen.storyboard in Resources */ = {isa = PBXBuildFile; fileRef = B18A34D41F2AF7C700930FD4 /* LaunchScreen.storyboard */; };
		B18A34E11F2AF7C700930FD4 /* HPAESEncryptionTests.m in Sources */ = {isa = PBXBuildFile; fileRef = B18A34E01F2AF7C700930FD4 /* HPAESEncryptionTests.m */; };
		B18A34EC1F2AF7C700930FD4 /* HPAESEncryptionUITests.m in Sources */ = {isa = PBXBuildFile; fileRef = B18A34EB1F2AF7C700930FD4 /* HPAESEncryptionUITests.m */; };
		B18A34FB1F2B11EC00930FD4 /* NSData+AES.m in Sources */ = {isa = PBXBuildFile; fileRef = B18A34FA1F2B11EC00930FD4 /* NSData+AES.m */; };
/* End PBXBuildFile section */

/* Begin PBXContainerItemProxy section */
		B18A34DD1F2AF7C700930FD4 /* PBXContainerItemProxy */ = {
			isa = PBXContainerItemProxy;
			containerPortal = B18A34BB1F2AF7C700930FD4 /* Project object */;
			proxyType = 1;
			remoteGlobalIDString = B18A34C21F2AF7C700930FD4;
			remoteInfo = HPAESEncryption;
		};
		B18A34E81F2AF7C700930FD4 /* PBXContainerItemProxy */ = {
			isa = PBXContainerItemProxy;
			containerPortal = B18A34BB1F2AF7C700930FD4 /* Project object */;
			proxyType = 1;
			remoteGlobalIDString = B18A34C21F2AF7C700930FD4;
			remoteInfo = HPAESEncryption;
		};
/* End PBXContainerItemProxy section */

/* Begin PBXFileReference section */
		B18A34C31F2AF7C700930FD4 /* HPAESEncryption.app */ = {isa = PBXFileReference; explicitFileType = wrapper.application; includeInIndex = 0; path = HPAESEncryption.app; sourceTree = BUILT_PRODUCTS_DIR; };
		B18A34C71F2AF7C700930FD4 /* main.m */ = {isa = PBXFileReference; lastKnownFileType = sourcecode.c.objc; path = main.m; sourceTree = "<group>"; };
		B18A34C91F2AF7C700930FD4 /* AppDelegate.h */ = {isa = PBXFileReference; lastKnownFileType = sourcecode.c.h; path = AppDelegate.h; sourceTree = "<group>"; };
		B18A34CA1F2AF7C700930FD4 /* AppDelegate.m */ = {isa = PBXFileReference; lastKnownFileType = sourcecode.c.objc; path = AppDelegate.m; sourceTree = "<group>"; };
		B18A34CC1F2AF7C700930FD4 /* ViewController.h */ = {isa = PBXFileReference; lastKnownFileType = sourcecode.c.h; path = ViewController.h; sourceTree = "<group>"; };
		B18A34CD1F2AF7C700930FD4 /* ViewController.m */ = {isa = PBXFileReference; lastKnownFileType = sourcecode.c.objc; path = ViewController.m; sourceTree = "<group>"; };
		B18A34D01F2AF7C700930FD4 /* Base */ = {isa = PBXFileReference; lastKnownFileType = file.storyboard; name = Base; path = Base.lproj/Main.storyboard; sourceTree = "<group>"; };
		B18A34D21F2AF7C700930FD4 /* Assets.xcassets */ = {isa = PBXFileReference; lastKnownFileType = folder.assetcatalog; path = Assets.xcassets; sourceTree = "<group>"; };
		B18A34D51F2AF7C700930FD4 /* Base */ = {isa = PBXFileReference; lastKnownFileType = file.storyboard; name = Base; path = Base.lproj/LaunchScreen.storyboard; sourceTree = "<group>"; };
		B18A34D71F2AF7C700930FD4 /* Info.plist */ = {isa = PBXFileReference; lastKnownFileType = text.plist.xml; path = Info.plist; sourceTree = "<group>"; };
		B18A34DC1F2AF7C700930FD4 /* HPAESEncryptionTests.xctest */ = {isa = PBXFileReference; explicitFileType = wrapper.cfbundle; includeInIndex = 0; path = HPAESEncryptionTests.xctest; sourceTree = BUILT_PRODUCTS_DIR; };
		B18A34E01F2AF7C700930FD4 /* HPAESEncryptionTests.m */ = {isa = PBXFileReference; lastKnownFileType = sourcecode.c.objc; path = HPAESEncryptionTests.m; sourceTree = "<group>"; };
		B18A34E21F2AF7C700930FD4 /* Info.plist */ = {isa = PBXFileReference; lastKnownFileType = text.plist.xml; path = Info.plist; sourceTree = "<group>"; };
		B18A34E71F2AF7C700930FD4 /* HPAESEncryptionUITests.xctest */ = {isa = PBXFileReference; explicitFileType = wrapper.cfbundle; includeInIndex = 0; path = HPAESEncryptionUITests.xctest; sourceTree = BUILT_PRODUCTS_DIR; };
		B18A34EB1F2AF7C700930FD4 /* HPAESEncryptionUITests.m */ = {isa = PBXFileReference; lastKnownFileType = sourcecode.c.objc; path = HPAESEncryptionUITests.m; sourceTree = "<group>"; };
		B18A34ED1F2AF7C700930FD4 /* Info.plist */ = {isa = PBXFileReference; lastKnownFileType = text.plist.xml; path = Info.plist; sourceTree = "<group>"; };
		B18A34F91F2B11EC00930FD4 /* NSData+AES.h */ = {isa = PBXFileReference; fileEncoding = 4; lastKnownFileType = sourcecode.c.h; path = "NSData+AES.h"; sourceTree = "<group>"; };
		B18A34FA1F2B11EC00930FD4 /* NSData+AES.m */ = {isa = PBXFileReference; fileEncoding = 4; lastKnownFileType = sourcecode.c.objc; path = "NSData+AES.m"; sourceTree = "<group>"; };
/* End PBXFileReference section */

/* Begin PBXFrameworksBuildPhase section */
		B18A34C01F2AF7C700930FD4 /* Frameworks */ = {
			isa = PBXFrameworksBuildPhase;
			buildActionMask = 2147483647;
			files = (
			);
			runOnlyForDeploymentPostprocessing = 0;
		};
		B18A34D91F2AF7C700930FD4 /* Frameworks */ = {
			isa = PBXFrameworksBuildPhase;
			buildActionMask = 2147483647;
			files = (
			);
			runOnlyForDeploymentPostprocessing = 0;
		};
		B18A34E41F2AF7C700930FD4 /* Frameworks */ = {
			isa = PBXFrameworksBuildPhase;
			buildActionMask = 2147483647;
			files = (
			);
			runOnlyForDeploymentPostprocessing = 0;
		};
/* End PBXFrameworksBuildPhase section */

/* Begin PBXGroup section */
		B18A34BA1F2AF7C700930FD4 = {
			isa = PBXGroup;
			children = (
				B18A34C51F2AF7C700930FD4 /* HPAESEncryption */,
				B18A34DF1F2AF7C700930FD4 /* HPAESEncryptionTests */,
				B18A34EA1F2AF7C700930FD4 /* HPAESEncryptionUITests */,
				B18A34C41F2AF7C700930FD4 /* Products */,
			);
			sourceTree = "<group>";
		};
		B18A34C41F2AF7C700930FD4 /* Products */ = {
			isa = PBXGroup;
			children = (
				B18A34C31F2AF7C700930FD4 /* HPAESEncryption.app */,
				B18A34DC1F2AF7C700930FD4 /* HPAESEncryptionTests.xctest */,
				B18A34E71F2AF7C700930FD4 /* HPAESEncryptionUITests.xctest */,
			);
			name = Products;
			sourceTree = "<group>";
		};
		B18A34C51F2AF7C700930FD4 /* HPAESEncryption */ = {
			isa = PBXGroup;
			children = (
				B18A34F91F2B11EC00930FD4 /* NSData+AES.h */,
				B18A34FA1F2B11EC00930FD4 /* NSData+AES.m */,
				B18A34C91F2AF7C700930FD4 /* AppDelegate.h */,
				B18A34CA1F2AF7C700930FD4 /* AppDelegate.m */,
				B18A34CC1F2AF7C700930FD4 /* ViewController.h */,
				B18A34CD1F2AF7C700930FD4 /* ViewController.m */,
				B18A34CF1F2AF7C700930FD4 /* Main.storyboard */,
				B18A34D21F2AF7C700930FD4 /* Assets.xcassets */,
				B18A34D41F2AF7C700930FD4 /* LaunchScreen.storyboard */,
				B18A34D71F2AF7C700930FD4 /* Info.plist */,
				B18A34C61F2AF7C700930FD4 /* Supporting Files */,
			);
			path = HPAESEncryption;
			sourceTree = "<group>";
		};
		B18A34C61F2AF7C700930FD4 /* Supporting Files */ = {
			isa = PBXGroup;
			children = (
				B18A34C71F2AF7C700930FD4 /* main.m */,
			);
			name = "Supporting Files";
			sourceTree = "<group>";
		};
		B18A34DF1F2AF7C700930FD4 /* HPAESEncryptionTests */ = {
			isa = PBXGroup;
			children = (
				B18A34E01F2AF7C700930FD4 /* HPAESEncryptionTests.m */,
				B18A34E21F2AF7C700930FD4 /* Info.plist */,
			);
			path = HPAESEncryptionTests;
			sourceTree = "<group>";
		};
		B18A34EA1F2AF7C700930FD4 /* HPAESEncryptionUITests */ = {
			isa = PBXGroup;
			children = (
				B18A34EB1F2AF7C700930FD4 /* HPAESEncryptionUITests.m */,
				B18A34ED1F2AF7C700930FD4 /* Info.plist */,
			);
			path = HPAESEncryptionUITests;
			sourceTree = "<group>";
		};
/* End PBXGroup section */

/* Begin PBXNativeTarget section */
		B18A34C21F2AF7C700930FD4 /* HPAESEncryption */ = {
			isa = PBXNativeTarget;
			buildConfigurationList = B18A34F01F2AF7C700930FD4 /* Build configuration list for PBXNativeTarget "HPAESEncryption" */;
			buildPhases = (
				B18A34BF1F2AF7C700930FD4 /* Sources */,
				B18A34C01F2AF7C700930FD4 /* Frameworks */,
				B18A34C11F2AF7C700930FD4 /* Resources */,
			);
			buildRules = (
			);
			dependencies = (
			);
			name = HPAESEncryption;
			productName = HPAESEncryption;
			productReference = B18A34C31F2AF7C700930FD4 /* HPAESEncryption.app */;
			productType = "com.apple.product-type.application";
		};
		B18A34DB1F2AF7C700930FD4 /* HPAESEncryptionTests */ = {
			isa = PBXNativeTarget;
			buildConfigurationList = B18A34F31F2AF7C700930FD4 /* Build configuration list for PBXNativeTarget "HPAESEncryptionTests" */;
			buildPhases = (
				B18A34D81F2AF7C700930FD4 /* Sources */,
				B18A34D91F2AF7C700930FD4 /* Frameworks */,
				B18A34DA1F2AF7C700930FD4 /* Resources */,
			);
			buildRules = (
			);
			dependencies = (
				B18A34DE1F2AF7C700930FD4 /* PBXTargetDependency */,
			);
			name = HPAESEncryptionTests;
			productName = HPAESEncryptionTests;
			productReference = B18A34DC1F2AF7C700930FD4 /* HPAESEncryptionTests.xctest */;
			productType = "com.apple.product-type.bundle.unit-test";
		};
		B18A34E61F2AF7C700930FD4 /* HPAESEncryptionUITests */ = {
			isa = PBXNativeTarget;
			buildConfigurationList = B18A34F61F2AF7C700930FD4 /* Build configuration list for PBXNativeTarget "HPAESEncryptionUITests" */;
			buildPhases = (
				B18A34E31F2AF7C700930FD4 /* Sources */,
				B18A34E41F2AF7C700930FD4 /* Frameworks */,
				B18A34E51F2AF7C700930FD4 /* Resources */,
			);
			buildRules = (
			);
			dependencies = (
				B18A34E91F2AF7C700930FD4 /* PBXTargetDependency */,
			);
			name = HPAESEncryptionUITests;
			productName = HPAESEncryptionUITests;
			productReference = B18A34E71F2AF7C700930FD4 /* HPAESEncryptionUITests.xctest */;
			productType = "com.apple.product-type.bundle.ui-testing";
		};
/* End PBXNativeTarget section */

/* Begin PBXProject section */
		B18A34BB1F2AF7C700930FD4 /* Project object */ = {
			isa = PBXProject;
			attributes = {
				LastUpgradeCheck = 0830;
				ORGANIZATIONNAME = ASPL;
				TargetAttributes = {
					B18A34C21F2AF7C700930FD4 = {
						CreatedOnToolsVersion = 8.3.2;
						DevelopmentTeam = 5BEAANRWTZ;
						ProvisioningStyle = Automatic;
					};
					B18A34DB1F2AF7C700930FD4 = {
						CreatedOnToolsVersion = 8.3.2;
						DevelopmentTeam = 5BEAANRWTZ;
						ProvisioningStyle = Automatic;
						TestTargetID = B18A34C21F2AF7C700930FD4;
					};
					B18A34E61F2AF7C700930FD4 = {
						CreatedOnToolsVersion = 8.3.2;
						DevelopmentTeam = 5BEAANRWTZ;
						ProvisioningStyle = Automatic;
						TestTargetID = B18A34C21F2AF7C700930FD4;
					};
				};
			};
			buildConfigurationList = B18A34BE1F2AF7C700930FD4 /* Build configuration list for PBXProject "HPAESEncryption" */;
			compatibilityVersion = "Xcode 3.2";
			developmentRegion = English;
			hasScannedForEncodings = 0;
			knownRegions = (
				en,
				Base,
			);
			mainGroup = B18A34BA1F2AF7C700930FD4;
			productRefGroup = B18A34C41F2AF7C700930FD4 /* Products */;
			projectDirPath = "";
			projectRoot = "";
			targets = (
				B18A34C21F2AF7C700930FD4 /* HPAESEncryption */,
				B18A34DB1F2AF7C700930FD4 /* HPAESEncryptionTests */,
				B18A34E61F2AF7C700930FD4 /* HPAESEncryptionUITests */,
			);
		};
/* End PBXProject section */

/* Begin PBXResourcesBuildPhase section */
		B18A34C11F2AF7C700930FD4 /* Resources */ = {
			isa = PBXResourcesBuildPhase;
			buildActionMask = 2147483647;
			files = (
				B18A34D61F2AF7C700930FD4 /* LaunchScreen.storyboard in Resources */,
				B18A34D31F2AF7C700930FD4 /* Assets.xcassets in Resources */,
				B18A34D11F2AF7C700930FD4 /* Main.storyboard in Resources */,
			);
			runOnlyForDeploymentPostprocessing = 0;
		};
		B18A34DA1F2AF7C700930FD4 /* Resources */ = {
			isa = PBXResourcesBuildPhase;
			buildActionMask = 2147483647;
			files = (
			);
			runOnlyForDeploymentPostprocessing = 0;
		};
		B18A34E51F2AF7C700930FD4 /* Resources */ = {
			isa = PBXResourcesBuildPhase;
			buildActionMask = 2147483647;
			files = (
			);
			runOnlyForDeploymentPostprocessing = 0;
		};
/* End PBXResourcesBuildPhase section */

/* Begin PBXSourcesBuildPhase section */
		B18A34BF1F2AF7C700930FD4 /* Sources */ = {
			isa = PBXSourcesBuildPhase;
			buildActionMask = 2147483647;
			files = (
				B18A34CE1F2AF7C700930FD4 /* ViewController.m in Sources */,
				B18A34CB1F2AF7C700930FD4 /* AppDelegate.m in Sources */,
				B18A34FB1F2B11EC00930FD4 /* NSData+AES.m in Sources */,
				B18A34C81F2AF7C700930FD4 /* main.m in Sources */,
			);
			runOnlyForDeploymentPostprocessing = 0;
		};
		B18A34D81F2AF7C700930FD4 /* Sources */ = {
			isa = PBXSourcesBuildPhase;
			buildActionMask = 2147483647;
			files = (
				B18A34E11F2AF7C700930FD4 /* HPAESEncryptionTests.m in Sources */,
			);
			runOnlyForDeploymentPostprocessing = 0;
		};
		B18A34E31F2AF7C700930FD4 /* Sources */ = {
			isa = PBXSourcesBuildPhase;
			buildActionMask = 2147483647;
			files = (
				B18A34EC1F2AF7C700930FD4 /* HPAESEncryptionUITests.m in Sources */,
			);
			runOnlyForDeploymentPostprocessing = 0;
		};
/* End PBXSourcesBuildPhase section */

/* Begin PBXTargetDependency section */
		B18A34DE1F2AF7C700930FD4 /* PBXTargetDependency */ = {
			isa = PBXTargetDependency;
			target = B18A34C21F2AF7C700930FD4 /* HPAESEncryption */;
			targetProxy = B18A34DD1F2AF7C700930FD4 /* PBXContainerItemProxy */;
		};
		B18A34E91F2AF7C700930FD4 /* PBXTargetDependency */ = {
			isa = PBXTargetDependency;
			target = B18A34C21F2AF7C700930FD4 /* HPAESEncryption */;
			targetProxy = B18A34E81F2AF7C700930FD4 /* PBXContainerItemProxy */;
		};
/* End PBXTargetDependency section */

/* Begin PBXVariantGroup section */
		B18A34CF1F2AF7C700930FD4 /* Main.storyboard */ = {
			isa = PBXVariantGroup;
			children = (
				B18A34D01F2AF7C700930FD4 /* Base */,
			);
			name = Main.storyboard;
			sourceTree = "<group>";
		};
		B18A34D41F2AF7C700930FD4 /* LaunchScreen.storyboard */ = {
			isa = PBXVariantGroup;
			children = (
				B18A34D51F2AF7C700930FD4 /* Base */,
			);
			name = LaunchScreen.storyboard;
			sourceTree = "<group>";
		};
/* End PBXVariantGroup section */

/* Begin XCBuildConfiguration section */
		B18A34EE1F2AF7C700930FD4 /* Debug */ = {
			isa = XCBuildConfiguration;
			buildSettings = {
				ALWAYS_SEARCH_USER_PATHS = NO;
				CLANG_ANALYZER_NONNULL = YES;
				CLANG_ANALYZER_NUMBER_OBJECT_CONVERSION = YES_AGGRESSIVE;
				CLANG_CXX_LANGUAGE_STANDARD = "gnu++0x";
				CLANG_CXX_LIBRARY = "libc++";
				CLANG_ENABLE_MODULES = YES;
				CLANG_ENABLE_OBJC_ARC = YES;
				CLANG_WARN_BOOL_CONVERSION = YES;
				CLANG_WARN_CONSTANT_CONVERSION = YES;
				CLANG_WARN_DIRECT_OBJC_ISA_USAGE = YES_ERROR;
				CLANG_WARN_DOCUMENTATION_COMMENTS = YES;
				CLANG_WARN_EMPTY_BODY = YES;
				CLANG_WARN_ENUM_CONVERSION = YES;
				CLANG_WARN_INFINITE_RECURSION = YES;
				CLANG_WARN_INT_CONVERSION = YES;
				CLANG_WARN_OBJC_ROOT_CLASS = YES_ERROR;
				CLANG_WARN_SUSPICIOUS_MOVE = YES;
				CLANG_WARN_UNREACHABLE_CODE = YES;
				CLANG_WARN__DUPLICATE_METHOD_MATCH = YES;
				"CODE_SIGN_IDENTITY[sdk=iphoneos*]" = "iPhone Developer";
				COPY_PHASE_STRIP = NO;
				DEBUG_INFORMATION_FORMAT = dwarf;
				ENABLE_STRICT_OBJC_MSGSEND = YES;
				ENABLE_TESTABILITY = YES;
				GCC_C_LANGUAGE_STANDARD = gnu99;
				GCC_DYNAMIC_NO_PIC = NO;
				GCC_NO_COMMON_BLOCKS = YES;
				GCC_OPTIMIZATION_LEVEL = 0;
				GCC_PREPROCESSOR_DEFINITIONS = (
					"DEBUG=1",
					"$(inherited)",
				);
				GCC_WARN_64_TO_32_BIT_CONVERSION = YES;
				GCC_WARN_ABOUT_RETURN_TYPE = YES_ERROR;
				GCC_WARN_UNDECLARED_SELECTOR = YES;
				GCC_WARN_UNINITIALIZED_AUTOS = YES_AGGRESSIVE;
				GCC_WARN_UNUSED_FUNCTION = YES;
				GCC_WARN_UNUSED_VARIABLE = YES;
				IPHONEOS_DEPLOYMENT_TARGET = 10.3;
				MTL_ENABLE_DEBUG_INFO = YES;
				ONLY_ACTIVE_ARCH = YES;
				SDKROOT = iphoneos;
				TARGETED_DEVICE_FAMILY = "1,2";
			};
			name = Debug;
		};
		B18A34EF1F2AF7C700930FD4 /* Release */ = {
			isa = XCBuildConfiguration;
			buildSettings = {
				ALWAYS_SEARCH_USER_PATHS = NO;
				CLANG_ANALYZER_NONNULL = YES;
				CLANG_ANALYZER_NUMBER_OBJECT_CONVERSION = YES_AGGRESSIVE;
				CLANG_CXX_LANGUAGE_STANDARD = "gnu++0x";
				CLANG_CXX_LIBRARY = "libc++";
				CLANG_ENABLE_MODULES = YES;
				CLANG_ENABLE_OBJC_ARC = YES;
				CLANG_WARN_BOOL_CONVERSION = YES;
				CLANG_WARN_CONSTANT_CONVERSION = YES;
				CLANG_WARN_DIRECT_OBJC_ISA_USAGE = YES_ERROR;
				CLANG_WARN_DOCUMENTATION_COMMENTS = YES;
				CLANG_WARN_EMPTY_BODY = YES;
				CLANG_WARN_ENUM_CONVERSION = YES;
				CLANG_WARN_INFINITE_RECURSION = YES;
				CLANG_WARN_INT_CONVERSION = YES;
				CLANG_WARN_OBJC_ROOT_CLASS = YES_ERROR;
				CLANG_WARN_SUSPICIOUS_MOVE = YES;
				CLANG_WARN_UNREACHABLE_CODE = YES;
				CLANG_WARN__DUPLICATE_METHOD_MATCH = YES;
				"CODE_SIGN_IDENTITY[sdk=iphoneos*]" = "iPhone Developer";
				COPY_PHASE_STRIP = NO;
				DEBUG_INFORMATION_FORMAT = "dwarf-with-dsym";
				ENABLE_NS_ASSERTIONS = NO;
				ENABLE_STRICT_OBJC_MSGSEND = YES;
				GCC_C_LANGUAGE_STANDARD = gnu99;
				GCC_NO_COMMON_BLOCKS = YES;
				GCC_WARN_64_TO_32_BIT_CONVERSION = YES;
				GCC_WARN_ABOUT_RETURN_TYPE = YES_ERROR;
				GCC_WARN_UNDECLARED_SELECTOR = YES;
				GCC_WARN_UNINITIALIZED_AUTOS = YES_AGGRESSIVE;
				GCC_WARN_UNUSED_FUNCTION = YES;
				GCC_WARN_UNUSED_VARIABLE = YES;
				IPHONEOS_DEPLOYMENT_TARGET = 10.3;
				MTL_ENABLE_DEBUG_INFO = NO;
				SDKROOT = iphoneos;
				TARGETED_DEVICE_FAMILY = "1,2";
				VALIDATE_PRODUCT = YES;
			};
			name = Release;
		};
		B18A34F11F2AF7C700930FD4 /* Debug */ = {
			isa = XCBuildConfiguration;
			buildSettings = {
				ASSETCATALOG_COMPILER_APPICON_NAME = AppIcon;
				DEVELOPMENT_TEAM = 5BEAANRWTZ;
				INFOPLIST_FILE = HPAESEncryption/Info.plist;
				LD_RUNPATH_SEARCH_PATHS = "$(inherited) @executable_path/Frameworks";
				PRODUCT_BUNDLE_IDENTIFIER = com.my.HPAESEncryption;
				PRODUCT_NAME = "$(TARGET_NAME)";
			};
			name = Debug;
		};
		B18A34F21F2AF7C700930FD4 /* Release */ = {
			isa = XCBuildConfiguration;
			buildSettings = {
				ASSETCATALOG_COMPILER_APPICON_NAME = AppIcon;
				DEVELOPMENT_TEAM = 5BEAANRWTZ;
				INFOPLIST_FILE = HPAESEncryption/Info.plist;
				LD_RUNPATH_SEARCH_PATHS = "$(inherited) @executable_path/Frameworks";
				PRODUCT_BUNDLE_IDENTIFIER = com.my.HPAESEncryption;
				PRODUCT_NAME = "$(TARGET_NAME)";
			};
			name = Release;
		};
		B18A34F41F2AF7C700930FD4 /* Debug */ = {
			isa = XCBuildConfiguration;
			buildSettings = {
				BUNDLE_LOADER = "$(TEST_HOST)";
				DEVELOPMENT_TEAM = 5BEAANRWTZ;
				INFOPLIST_FILE = HPAESEncryptionTests/Info.plist;
				LD_RUNPATH_SEARCH_PATHS = "$(inherited) @executable_path/Frameworks @loader_path/Frameworks";
				PRODUCT_BUNDLE_IDENTIFIER = com.my.HPAESEncryptionTests;
				PRODUCT_NAME = "$(TARGET_NAME)";
				TEST_HOST = "$(BUILT_PRODUCTS_DIR)/HPAESEncryption.app/HPAESEncryption";
			};
			name = Debug;
		};
		B18A34F51F2AF7C700930FD4 /* Release */ = {
			isa = XCBuildConfiguration;
			buildSettings = {
				BUNDLE_LOADER = "$(TEST_HOST)";
				DEVELOPMENT_TEAM = 5BEAANRWTZ;
				INFOPLIST_FILE = HPAESEncryptionTests/Info.plist;
				LD_RUNPATH_SEARCH_PATHS = "$(inherited) @executable_path/Frameworks @loader_path/Frameworks";
				PRODUCT_BUNDLE_IDENTIFIER = com.my.HPAESEncryptionTests;
				PRODUCT_NAME = "$(TARGET_NAME)";
				TEST_HOST = "$(BUILT_PRODUCTS_DIR)/HPAESEncryption.app/HPAESEncryption";
			};
			name = Release;
		};
		B18A34F71F2AF7C700930FD4 /* Debug */ = {
			isa = XCBuildConfiguration;
			buildSettings = {
				DEVELOPMENT_TEAM = 5BEAANRWTZ;
				INFOPLIST_FILE = HPAESEncryptionUITests/Info.plist;
				LD_RUNPATH_SEARCH_PATHS = "$(inherited) @executable_path/Frameworks @loader_path/Frameworks";
				PRODUCT_BUNDLE_IDENTIFIER = com.my.HPAESEncryptionUITests;
				PRODUCT_NAME = "$(TARGET_NAME)";
				TEST_TARGET_NAME = HPAESEncryption;
			};
			name = Debug;
		};
		B18A34F81F2AF7C700930FD4 /* Release */ = {
			isa = XCBuildConfiguration;
			buildSettings = {
				DEVELOPMENT_TEAM = 5BEAANRWTZ;
				INFOPLIST_FILE = HPAESEncryptionUITests/Info.plist;
				LD_RUNPATH_SEARCH_PATHS = "$(inherited) @executable_path/Frameworks @loader_path/Frameworks";
				PRODUCT_BUNDLE_IDENTIFIER = com.my.HPAESEncryptionUITests;
				PRODUCT_NAME = "$(TARGET_NAME)";
				TEST_TARGET_NAME = HPAESEncryption;
			};
			name = Release;
		};
/* End XCBuildConfiguration section */

/* Begin XCConfigurationList section */
		B18A34BE1F2AF7C700930FD4 /* Build configuration list for PBXProject "HPAESEncryption" */ = {
			isa = XCConfigurationList;
			buildConfigurations = (
				B18A34EE1F2AF7C700930FD4 /* Debug */,
				B18A34EF1F2AF7C700930FD4 /* Release */,
			);
			defaultConfigurationIsVisible = 0;
			defaultConfigurationName = Release;
		};
		B18A34F01F2AF7C700930FD4 /* Build configuration list for PBXNativeTarget "HPAESEncryption" */ = {
			isa = XCConfigurationList;
			buildConfigurations = (
				B18A34F11F2AF7C700930FD4 /* Debug */,
				B18A34F21F2AF7C700930FD4 /* Release */,
			);
			defaultConfigurationIsVisible = 0;
		};
		B18A34F31F2AF7C700930FD4 /* Build configuration list for PBXNativeTarget "HPAESEncryptionTests" */ = {
			isa = XCConfigurationList;
			buildConfigurations = (
				B18A34F41F2AF7C700930FD4 /* Debug */,
				B18A34F51F2AF7C700930FD4 /* Release */,
			);
			defaultConfigurationIsVisible = 0;
		};
		B18A34F61F2AF7C700930FD4 /* Build configuration list for PBXNativeTarget "HPAESEncryptionUITests" */ = {
			isa = XCConfigurationList;
			buildConfigurations = (
				B18A34F71F2AF7C700930FD4 /* Debug */,
				B18A34F81F2AF7C700930FD4 /* Release */,
			);
			defaultConfigurationIsVisible = 0;
		};
/* End XCConfigurationList section */
	};
	rootObject = B18A34BB1F2AF7C700930FD4 /* Project object */;
}
